
Microsoft Visual Studio Solution File, Format Version 12.00
# Visual Studio 15
VisualStudioVersion = 15.0.27428.2011
MinimumVisualStudioVersion = 10.0.40219.1
Project("{E24C65DC-7377-472B-9ABA-BC803B73C61A}") = "GoldTreePractice", "GoldTreePractice\", "{D2500FE9-885A-4EFF-B455-89F2A3497DDC}"
	ProjectSection(WebsiteProperties) = preProject
		TargetFrameworkMoniker = ".NETFramework,Version%3Dv4.7"
		Debug.AspNetCompiler.VirtualPath = "/localhost_4438"
		Debug.AspNetCompiler.PhysicalPath = "GoldTreePractice\"
		Debug.AspNetCompiler.TargetPath = "PrecompiledWeb\localhost_4438\"
		Debug.AspNetCompiler.Updateable = "true"
		Debug.AspNetCompiler.ForceOverwrite = "true"
		Debug.AspNetCompiler.FixedNames = "false"
		Debug.AspNetCompiler.Debug = "True"
		Release.AspNetCompiler.VirtualPath = "/localhost_4438"
		Release.AspNetCompiler.PhysicalPath = "GoldTreePractice\"
		Release.AspNetCompiler.TargetPath = "PrecompiledWeb\localhost_4438\"
		Release.AspNetCompiler.Updateable = "true"
		Release.AspNetCompiler.ForceOverwrite = "true"
		Release.AspNetCompiler.FixedNames = "false"
		Release.AspNetCompiler.Debug = "False"
		VWDPort = "4438"
		SlnRelativePath = "GoldTreePractice\"
		DefaultWebSiteLanguage = "Visual C#"
	EndProjectSection
EndProject
Global
	GlobalSection(SolutionConfigurationPlatforms) = preSolution
		Debug|Any CPU = Debug|Any CPU
	EndGlobalSection
	GlobalSection(ProjectConfigurationPlatforms) = postSolution
		{D2500FE9-885A-4EFF-B455-89F2A3497DDC}.Debug|Any CPU.ActiveCfg = Debug|Any CPU
		{D2500FE9-885A-4EFF-B455-89F2A3497DDC}.Debug|Any CPU.Build.0 = Debug|Any CPU
	EndGlobalSection
	GlobalSection(SolutionProperties) = preSolution
		HideSolutionNode = FALSE
	EndGlobalSection
	GlobalSection(ExtensibilityGlobals) = postSolution
		SolutionGuid = {70DBE1B2-2C3D-4B10-A2DB-65CC4CFC4073}
	EndGlobalSection
EndGlobal
